// !$*UTF8*$!
{
	archiveVersion = 1;
	classes = {
	};
	objectVersion = 56;
	objects = {

/* Begin PBXBuildFile section */
		F80C8F4E2A0656EA008FF402 /* APIErrorResponse.swift in Sources */ = {isa = PBXBuildFile; fileRef = F80C8F4B2A0656EA008FF402 /* APIErrorResponse.swift */; };
		F80C8F4F2A0656EA008FF402 /* APISession.swift in Sources */ = {isa = PBXBuildFile; fileRef = F80C8F4C2A0656EA008FF402 /* APISession.swift */; };
		F80C8F502A0656EA008FF402 /* APIRequest.swift in Sources */ = {isa = PBXBuildFile; fileRef = F80C8F4D2A0656EA008FF402 /* APIRequest.swift */; };
		F87FBEBB2A06508B009B1A8F /* LoginSampleApp.swift in Sources */ = {isa = PBXBuildFile; fileRef = F87FBEBA2A06508B009B1A8F /* LoginSampleApp.swift */; };
		F87FBEBD2A06508B009B1A8F /* ContentView.swift in Sources */ = {isa = PBXBuildFile; fileRef = F87FBEBC2A06508B009B1A8F /* ContentView.swift */; };
		F87FBEBF2A06508C009B1A8F /* Assets.xcassets in Resources */ = {isa = PBXBuildFile; fileRef = F87FBEBE2A06508C009B1A8F /* Assets.xcassets */; };
		F87FBECC2A06508C009B1A8F /* LoginSampleTests.swift in Sources */ = {isa = PBXBuildFile; fileRef = F87FBECB2A06508C009B1A8F /* LoginSampleTests.swift */; };
		F87FBED62A06508C009B1A8F /* LoginSampleUITests.swift in Sources */ = {isa = PBXBuildFile; fileRef = F87FBED52A06508C009B1A8F /* LoginSampleUITests.swift */; };
		F87FBED82A06508C009B1A8F /* LoginSampleUITestsLaunchTests.swift in Sources */ = {isa = PBXBuildFile; fileRef = F87FBED72A06508C009B1A8F /* LoginSampleUITestsLaunchTests.swift */; };
/* End PBXBuildFile section */

/* Begin PBXContainerItemProxy section */
		F87FBEC82A06508C009B1A8F /* PBXContainerItemProxy */ = {
			isa = PBXContainerItemProxy;
			containerPortal = F87FBEAF2A06508B009B1A8F /* Project object */;
			proxyType = 1;
			remoteGlobalIDString = F87FBEB62A06508B009B1A8F;
			remoteInfo = LoginSample;
		};
		F87FBED22A06508C009B1A8F /* PBXContainerItemProxy */ = {
			isa = PBXContainerItemProxy;
			containerPortal = F87FBEAF2A06508B009B1A8F /* Project object */;
			proxyType = 1;
			remoteGlobalIDString = F87FBEB62A06508B009B1A8F;
			remoteInfo = LoginSample;
		};
/* End PBXContainerItemProxy section */

/* Begin PBXFileReference section */
		F80C8F4B2A0656EA008FF402 /* APIErrorResponse.swift */ = {isa = PBXFileReference; fileEncoding = 4; lastKnownFileType = sourcecode.swift; path = APIErrorResponse.swift; sourceTree = "<group>"; };
		F80C8F4C2A0656EA008FF402 /* APISession.swift */ = {isa = PBXFileReference; fileEncoding = 4; lastKnownFileType = sourcecode.swift; path = APISession.swift; sourceTree = "<group>"; };
		F80C8F4D2A0656EA008FF402 /* APIRequest.swift */ = {isa = PBXFileReference; fileEncoding = 4; lastKnownFileType = sourcecode.swift; path = APIRequest.swift; sourceTree = "<group>"; };
		F87FBEB72A06508B009B1A8F /* LoginSample.app */ = {isa = PBXFileReference; explicitFileType = wrapper.application; includeInIndex = 0; path = LoginSample.app; sourceTree = BUILT_PRODUCTS_DIR; };
		F87FBEBA2A06508B009B1A8F /* LoginSampleApp.swift */ = {isa = PBXFileReference; lastKnownFileType = sourcecode.swift; path = LoginSampleApp.swift; sourceTree = "<group>"; };
		F87FBEBC2A06508B009B1A8F /* ContentView.swift */ = {isa = PBXFileReference; lastKnownFileType = sourcecode.swift; path = ContentView.swift; sourceTree = "<group>"; };
		F87FBEBE2A06508C009B1A8F /* Assets.xcassets */ = {isa = PBXFileReference; lastKnownFileType = folder.assetcatalog; path = Assets.xcassets; sourceTree = "<group>"; };
		F87FBEC72A06508C009B1A8F /* LoginSampleTests.xctest */ = {isa = PBXFileReference; explicitFileType = wrapper.cfbundle; includeInIndex = 0; path = LoginSampleTests.xctest; sourceTree = BUILT_PRODUCTS_DIR; };
		F87FBECB2A06508C009B1A8F /* LoginSampleTests.swift */ = {isa = PBXFileReference; lastKnownFileType = sourcecode.swift; path = LoginSampleTests.swift; sourceTree = "<group>"; };
		F87FBED12A06508C009B1A8F /* LoginSampleUITests.xctest */ = {isa = PBXFileReference; explicitFileType = wrapper.cfbundle; includeInIndex = 0; path = LoginSampleUITests.xctest; sourceTree = BUILT_PRODUCTS_DIR; };
		F87FBED52A06508C009B1A8F /* LoginSampleUITests.swift */ = {isa = PBXFileReference; lastKnownFileType = sourcecode.swift; path = LoginSampleUITests.swift; sourceTree = "<group>"; };
		F87FBED72A06508C009B1A8F /* LoginSampleUITestsLaunchTests.swift */ = {isa = PBXFileReference; lastKnownFileType = sourcecode.swift; path = LoginSampleUITestsLaunchTests.swift; sourceTree = "<group>"; };
/* End PBXFileReference section */

/* Begin PBXFrameworksBuildPhase section */
		F87FBEB42A06508B009B1A8F /* Frameworks */ = {
			isa = PBXFrameworksBuildPhase;
			buildActionMask = 2147483647;
			files = (
			);
			runOnlyForDeploymentPostprocessing = 0;
		};
		F87FBEC42A06508C009B1A8F /* Frameworks */ = {
			isa = PBXFrameworksBuildPhase;
			buildActionMask = 2147483647;
			files = (
			);
			runOnlyForDeploymentPostprocessing = 0;
		};
		F87FBECE2A06508C009B1A8F /* Frameworks */ = {
			isa = PBXFrameworksBuildPhase;
			buildActionMask = 2147483647;
			files = (
			);
			runOnlyForDeploymentPostprocessing = 0;
		};
/* End PBXFrameworksBuildPhase section */

/* Begin PBXGroup section */
		F80C8F442A065695008FF402 /* Networking */ = {
			isa = PBXGroup;
			children = (
				F80C8F4B2A0656EA008FF402 /* APIErrorResponse.swift */,
				F80C8F4D2A0656EA008FF402 /* APIRequest.swift */,
				F80C8F4C2A0656EA008FF402 /* APISession.swift */,
			);
			path = Networking;
			sourceTree = "<group>";
		};
		F87FBEAE2A06508B009B1A8F = {
			isa = PBXGroup;
			children = (
				F87FBEB92A06508B009B1A8F /* LoginSample */,
				F87FBECA2A06508C009B1A8F /* LoginSampleTests */,
				F87FBED42A06508C009B1A8F /* LoginSampleUITests */,
				F87FBEB82A06508B009B1A8F /* Products */,
			);
			sourceTree = "<group>";
		};
		F87FBEB82A06508B009B1A8F /* Products */ = {
			isa = PBXGroup;
			children = (
				F87FBEB72A06508B009B1A8F /* LoginSample.app */,
				F87FBEC72A06508C009B1A8F /* LoginSampleTests.xctest */,
				F87FBED12A06508C009B1A8F /* LoginSampleUITests.xctest */,
			);
			name = Products;
			sourceTree = "<group>";
		};
		F87FBEB92A06508B009B1A8F /* LoginSample */ = {
			isa = PBXGroup;
			children = (
				F80C8F442A065695008FF402 /* Networking */,
				F87FBEBA2A06508B009B1A8F /* LoginSampleApp.swift */,
				F87FBEBC2A06508B009B1A8F /* ContentView.swift */,
				F87FBEBE2A06508C009B1A8F /* Assets.xcassets */,
			);
			path = LoginSample;
			sourceTree = "<group>";
		};
		F87FBECA2A06508C009B1A8F /* LoginSampleTests */ = {
			isa = PBXGroup;
			children = (
				F87FBECB2A06508C009B1A8F /* LoginSampleTests.swift */,
			);
			path = LoginSampleTests;
			sourceTree = "<group>";
		};
		F87FBED42A06508C009B1A8F /* LoginSampleUITests */ = {
			isa = PBXGroup;
			children = (
				F87FBED52A06508C009B1A8F /* LoginSampleUITests.swift */,
				F87FBED72A06508C009B1A8F /* LoginSampleUITestsLaunchTests.swift */,
			);
			path = LoginSampleUITests;
			sourceTree = "<group>";
		};
/* End PBXGroup section */

/* Begin PBXNativeTarget section */
		F87FBEB62A06508B009B1A8F /* LoginSample */ = {
			isa = PBXNativeTarget;
			buildConfigurationList = F87FBEDB2A06508C009B1A8F /* Build configuration list for PBXNativeTarget "LoginSample" */;
			buildPhases = (
				F87FBEB32A06508B009B1A8F /* Sources */,
				F87FBEB42A06508B009B1A8F /* Frameworks */,
				F87FBEB52A06508B009B1A8F /* Resources */,
			);
			buildRules = (
			);
			dependencies = (
			);
			name = LoginSample;
			productName = LoginSample;
			productReference = F87FBEB72A06508B009B1A8F /* LoginSample.app */;
			productType = "com.apple.product-type.application";
		};
		F87FBEC62A06508C009B1A8F /* LoginSampleTests */ = {
			isa = PBXNativeTarget;
			buildConfigurationList = F87FBEDE2A06508C009B1A8F /* Build configuration list for PBXNativeTarget "LoginSampleTests" */;
			buildPhases = (
				F87FBEC32A06508C009B1A8F /* Sources */,
				F87FBEC42A06508C009B1A8F /* Frameworks */,
				F87FBEC52A06508C009B1A8F /* Resources */,
			);
			buildRules = (
			);
			dependencies = (
				F87FBEC92A06508C009B1A8F /* PBXTargetDependency */,
			);
			name = LoginSampleTests;
			productName = LoginSampleTests;
			productReference = F87FBEC72A06508C009B1A8F /* LoginSampleTests.xctest */;
			productType = "com.apple.product-type.bundle.unit-test";
		};
		F87FBED02A06508C009B1A8F /* LoginSampleUITests */ = {
			isa = PBXNativeTarget;
			buildConfigurationList = F87FBEE12A06508C009B1A8F /* Build configuration list for PBXNativeTarget "LoginSampleUITests" */;
			buildPhases = (
				F87FBECD2A06508C009B1A8F /* Sources */,
				F87FBECE2A06508C009B1A8F /* Frameworks */,
				F87FBECF2A06508C009B1A8F /* Resources */,
			);
			buildRules = (
			);
			dependencies = (
				F87FBED32A06508C009B1A8F /* PBXTargetDependency */,
			);
			name = LoginSampleUITests;
			productName = LoginSampleUITests;
			productReference = F87FBED12A06508C009B1A8F /* LoginSampleUITests.xctest */;
			productType = "com.apple.product-type.bundle.ui-testing";
		};
/* End PBXNativeTarget section */

/* Begin PBXProject section */
		F87FBEAF2A06508B009B1A8F /* Project object */ = {
			isa = PBXProject;
			attributes = {
				BuildIndependentTargetsInParallel = 1;
				LastSwiftUpdateCheck = 1430;
				LastUpgradeCheck = 1430;
				TargetAttributes = {
					F87FBEB62A06508B009B1A8F = {
						CreatedOnToolsVersion = 14.3;
					};
					F87FBEC62A06508C009B1A8F = {
						CreatedOnToolsVersion = 14.3;
						TestTargetID = F87FBEB62A06508B009B1A8F;
					};
					F87FBED02A06508C009B1A8F = {
						CreatedOnToolsVersion = 14.3;
						TestTargetID = F87FBEB62A06508B009B1A8F;
					};
				};
			};
			buildConfigurationList = F87FBEB22A06508B009B1A8F /* Build configuration list for PBXProject "LoginSample" */;
			compatibilityVersion = "Xcode 14.0";
			developmentRegion = en;
			hasScannedForEncodings = 0;
			knownRegions = (
				en,
				Base,
			);
			mainGroup = F87FBEAE2A06508B009B1A8F;
			productRefGroup = F87FBEB82A06508B009B1A8F /* Products */;
			projectDirPath = "";
			projectRoot = "";
			targets = (
				F87FBEB62A06508B009B1A8F /* LoginSample */,
				F87FBEC62A06508C009B1A8F /* LoginSampleTests */,
				F87FBED02A06508C009B1A8F /* LoginSampleUITests */,
			);
		};
/* End PBXProject section */

/* Begin PBXResourcesBuildPhase section */
		F87FBEB52A06508B009B1A8F /* Resources */ = {
			isa = PBXResourcesBuildPhase;
			buildActionMask = 2147483647;
			files = (
				F87FBEBF2A06508C009B1A8F /* Assets.xcassets in Resources */,
			);
			runOnlyForDeploymentPostprocessing = 0;
		};
		F87FBEC52A06508C009B1A8F /* Resources */ = {
			isa = PBXResourcesBuildPhase;
			buildActionMask = 2147483647;
			files = (
			);
			runOnlyForDeploymentPostprocessing = 0;
		};
		F87FBECF2A06508C009B1A8F /* Resources */ = {
			isa = PBXResourcesBuildPhase;
			buildActionMask = 2147483647;
			files = (
			);
			runOnlyForDeploymentPostprocessing = 0;
		};
/* End PBXResourcesBuildPhase section */

/* Begin PBXSourcesBuildPhase section */
		F87FBEB32A06508B009B1A8F /* Sources */ = {
			isa = PBXSourcesBuildPhase;
			buildActionMask = 2147483647;
			files = (
				F87FBEBD2A06508B009B1A8F /* ContentView.swift in Sources */,
				F80C8F4F2A0656EA008FF402 /* APISession.swift in Sources */,
				F87FBEBB2A06508B009B1A8F /* LoginSampleApp.swift in Sources */,
				F80C8F502A0656EA008FF402 /* APIRequest.swift in Sources */,
				F80C8F4E2A0656EA008FF402 /* APIErrorResponse.swift in Sources */,
			);
			runOnlyForDeploymentPostprocessing = 0;
		};
		F87FBEC32A06508C009B1A8F /* Sources */ = {
			isa = PBXSourcesBuildPhase;
			buildActionMask = 2147483647;
			files = (
				F87FBECC2A06508C009B1A8F /* LoginSampleTests.swift in Sources */,
			);
			runOnlyForDeploymentPostprocessing = 0;
		};
		F87FBECD2A06508C009B1A8F /* Sources */ = {
			isa = PBXSourcesBuildPhase;
			buildActionMask = 2147483647;
			files = (
				F87FBED82A06508C009B1A8F /* LoginSampleUITestsLaunchTests.swift in Sources */,
				F87FBED62A06508C009B1A8F /* LoginSampleUITests.swift in Sources */,
			);
			runOnlyForDeploymentPostprocessing = 0;
		};
/* End PBXSourcesBuildPhase section */

/* Begin PBXTargetDependency section */
		F87FBEC92A06508C009B1A8F /* PBXTargetDependency */ = {
			isa = PBXTargetDependency;
			target = F87FBEB62A06508B009B1A8F /* LoginSample */;
			targetProxy = F87FBEC82A06508C009B1A8F /* PBXContainerItemProxy */;
		};
		F87FBED32A06508C009B1A8F /* PBXTargetDependency */ = {
			isa = PBXTargetDependency;
			target = F87FBEB62A06508B009B1A8F /* LoginSample */;
			targetProxy = F87FBED22A06508C009B1A8F /* PBXContainerItemProxy */;
		};
/* End PBXTargetDependency section */

/* Begin XCBuildConfiguration section */
		F87FBED92A06508C009B1A8F /* Debug */ = {
			isa = XCBuildConfiguration;
			buildSettings = {
				ALWAYS_SEARCH_USER_PATHS = NO;
				CLANG_ANALYZER_NONNULL = YES;
				CLANG_ANALYZER_NUMBER_OBJECT_CONVERSION = YES_AGGRESSIVE;
				CLANG_CXX_LANGUAGE_STANDARD = "gnu++20";
				CLANG_ENABLE_MODULES = YES;
				CLANG_ENABLE_OBJC_ARC = YES;
				CLANG_ENABLE_OBJC_WEAK = YES;
				CLANG_WARN_BLOCK_CAPTURE_AUTORELEASING = YES;
				CLANG_WARN_BOOL_CONVERSION = YES;
				CLANG_WARN_COMMA = YES;
				CLANG_WARN_CONSTANT_CONVERSION = YES;
				CLANG_WARN_DEPRECATED_OBJC_IMPLEMENTATIONS = YES;
				CLANG_WARN_DIRECT_OBJC_ISA_USAGE = YES_ERROR;
				CLANG_WARN_DOCUMENTATION_COMMENTS = YES;
				CLANG_WARN_EMPTY_BODY = YES;
				CLANG_WARN_ENUM_CONVERSION = YES;
				CLANG_WARN_INFINITE_RECURSION = YES;
				CLANG_WARN_INT_CONVERSION = YES;
				CLANG_WARN_NON_LITERAL_NULL_CONVERSION = YES;
				CLANG_WARN_OBJC_IMPLICIT_RETAIN_SELF = YES;
				CLANG_WARN_OBJC_LITERAL_CONVERSION = YES;
				CLANG_WARN_OBJC_ROOT_CLASS = YES_ERROR;
				CLANG_WARN_QUOTED_INCLUDE_IN_FRAMEWORK_HEADER = YES;
				CLANG_WARN_RANGE_LOOP_ANALYSIS = YES;
				CLANG_WARN_STRICT_PROTOTYPES = YES;
				CLANG_WARN_SUSPICIOUS_MOVE = YES;
				CLANG_WARN_UNGUARDED_AVAILABILITY = YES_AGGRESSIVE;
				CLANG_WARN_UNREACHABLE_CODE = YES;
				CLANG_WARN__DUPLICATE_METHOD_MATCH = YES;
				COPY_PHASE_STRIP = NO;
				DEBUG_INFORMATION_FORMAT = dwarf;
				ENABLE_STRICT_OBJC_MSGSEND = YES;
				ENABLE_TESTABILITY = YES;
				GCC_C_LANGUAGE_STANDARD = gnu11;
				GCC_DYNAMIC_NO_PIC = NO;
				GCC_NO_COMMON_BLOCKS = YES;
				GCC_OPTIMIZATION_LEVEL = 0;
				GCC_PREPROCESSOR_DEFINITIONS = (
					"DEBUG=1",
					"$(inherited)",
				);
				GCC_WARN_64_TO_32_BIT_CONVERSION = YES;
				GCC_WARN_ABOUT_RETURN_TYPE = YES_ERROR;
				GCC_WARN_UNDECLARED_SELECTOR = YES;
				GCC_WARN_UNINITIALIZED_AUTOS = YES_AGGRESSIVE;
				GCC_WARN_UNUSED_FUNCTION = YES;
				GCC_WARN_UNUSED_VARIABLE = YES;
				IPHONEOS_DEPLOYMENT_TARGET = 16.4;
				MTL_ENABLE_DEBUG_INFO = INCLUDE_SOURCE;
				MTL_FAST_MATH = YES;
				ONLY_ACTIVE_ARCH = YES;
				SDKROOT = iphoneos;
				SWIFT_ACTIVE_COMPILATION_CONDITIONS = DEBUG;
				SWIFT_OPTIMIZATION_LEVEL = "-Onone";
			};
			name = Debug;
		};
		F87FBEDA2A06508C009B1A8F /* Release */ = {
			isa = XCBuildConfiguration;
			buildSettings = {
				ALWAYS_SEARCH_USER_PATHS = NO;
				CLANG_ANALYZER_NONNULL = YES;
				CLANG_ANALYZER_NUMBER_OBJECT_CONVERSION = YES_AGGRESSIVE;
				CLANG_CXX_LANGUAGE_STANDARD = "gnu++20";
				CLANG_ENABLE_MODULES = YES;
				CLANG_ENABLE_OBJC_ARC = YES;
				CLANG_ENABLE_OBJC_WEAK = YES;
				CLANG_WARN_BLOCK_CAPTURE_AUTORELEASING = YES;
				CLANG_WARN_BOOL_CONVERSION = YES;
				CLANG_WARN_COMMA = YES;
				CLANG_WARN_CONSTANT_CONVERSION = YES;
				CLANG_WARN_DEPRECATED_OBJC_IMPLEMENTATIONS = YES;
				CLANG_WARN_DIRECT_OBJC_ISA_USAGE = YES_ERROR;
				CLANG_WARN_DOCUMENTATION_COMMENTS = YES;
				CLANG_WARN_EMPTY_BODY = YES;
				CLANG_WARN_ENUM_CONVERSION = YES;
				CLANG_WARN_INFINITE_RECURSION = YES;
				CLANG_WARN_INT_CONVERSION = YES;
				CLANG_WARN_NON_LITERAL_NULL_CONVERSION = YES;
				CLANG_WARN_OBJC_IMPLICIT_RETAIN_SELF = YES;
				CLANG_WARN_OBJC_LITERAL_CONVERSION = YES;
				CLANG_WARN_OBJC_ROOT_CLASS = YES_ERROR;
				CLANG_WARN_QUOTED_INCLUDE_IN_FRAMEWORK_HEADER = YES;
				CLANG_WARN_RANGE_LOOP_ANALYSIS = YES;
				CLANG_WARN_STRICT_PROTOTYPES = YES;
				CLANG_WARN_SUSPICIOUS_MOVE = YES;
				CLANG_WARN_UNGUARDED_AVAILABILITY = YES_AGGRESSIVE;
				CLANG_WARN_UNREACHABLE_CODE = YES;
				CLANG_WARN__DUPLICATE_METHOD_MATCH = YES;
				COPY_PHASE_STRIP = NO;
				DEBUG_INFORMATION_FORMAT = "dwarf-with-dsym";
				ENABLE_NS_ASSERTIONS = NO;
				ENABLE_STRICT_OBJC_MSGSEND = YES;
				GCC_C_LANGUAGE_STANDARD = gnu11;
				GCC_NO_COMMON_BLOCKS = YES;
				GCC_WARN_64_TO_32_BIT_CONVERSION = YES;
				GCC_WARN_ABOUT_RETURN_TYPE = YES_ERROR;
				GCC_WARN_UNDECLARED_SELECTOR = YES;
				GCC_WARN_UNINITIALIZED_AUTOS = YES_AGGRESSIVE;
				GCC_WARN_UNUSED_FUNCTION = YES;
				GCC_WARN_UNUSED_VARIABLE = YES;
				IPHONEOS_DEPLOYMENT_TARGET = 16.4;
				MTL_ENABLE_DEBUG_INFO = NO;
				MTL_FAST_MATH = YES;
				SDKROOT = iphoneos;
				SWIFT_COMPILATION_MODE = wholemodule;
				SWIFT_OPTIMIZATION_LEVEL = "-O";
				VALIDATE_PRODUCT = YES;
			};
			name = Release;
		};
		F87FBEDC2A06508C009B1A8F /* Debug */ = {
			isa = XCBuildConfiguration;
			buildSettings = {
				ASSETCATALOG_COMPILER_APPICON_NAME = AppIcon;
				ASSETCATALOG_COMPILER_GLOBAL_ACCENT_COLOR_NAME = AccentColor;
				CODE_SIGN_STYLE = Automatic;
				CURRENT_PROJECT_VERSION = 1;
				DEVELOPMENT_TEAM = AJPM5QDVLY;
				ENABLE_PREVIEWS = YES;
				GENERATE_INFOPLIST_FILE = YES;
				INFOPLIST_KEY_UIApplicationSceneManifest_Generation = YES;
				INFOPLIST_KEY_UIApplicationSupportsIndirectInputEvents = YES;
				INFOPLIST_KEY_UILaunchScreen_Generation = YES;
				INFOPLIST_KEY_UISupportedInterfaceOrientations_iPad = "UIInterfaceOrientationPortrait UIInterfaceOrientationPortraitUpsideDown UIInterfaceOrientationLandscapeLeft UIInterfaceOrientationLandscapeRight";
				INFOPLIST_KEY_UISupportedInterfaceOrientations_iPhone = "UIInterfaceOrientationPortrait UIInterfaceOrientationLandscapeLeft UIInterfaceOrientationLandscapeRight";
				LD_RUNPATH_SEARCH_PATHS = (
					"$(inherited)",
					"@executable_path/Frameworks",
				);
				MARKETING_VERSION = 1.0;
				PRODUCT_BUNDLE_IDENTIFIER = com.albgarciam.LoginSample;
				PRODUCT_NAME = "$(TARGET_NAME)";
				SWIFT_EMIT_LOC_STRINGS = YES;
				SWIFT_VERSION = 5.0;
				TARGETED_DEVICE_FAMILY = "1,2";
			};
			name = Debug;
		};
		F87FBEDD2A06508C009B1A8F /* Release */ = {
			isa = XCBuildConfiguration;
			buildSettings = {
				ASSETCATALOG_COMPILER_APPICON_NAME = AppIcon;
				ASSETCATALOG_COMPILER_GLOBAL_ACCENT_COLOR_NAME = AccentColor;
				CODE_SIGN_STYLE = Automatic;
				CURRENT_PROJECT_VERSION = 1;
				DEVELOPMENT_TEAM = AJPM5QDVLY;
				ENABLE_PREVIEWS = YES;
				GENERATE_INFOPLIST_FILE = YES;
				INFOPLIST_KEY_UIApplicationSceneManifest_Generation = YES;
				INFOPLIST_KEY_UIApplicationSupportsIndirectInputEvents = YES;
				INFOPLIST_KEY_UILaunchScreen_Generation = YES;
				INFOPLIST_KEY_UISupportedInterfaceOrientations_iPad = "UIInterfaceOrientationPortrait UIInterfaceOrientationPortraitUpsideDown UIInterfaceOrientationLandscapeLeft UIInterfaceOrientationLandscapeRight";
				INFOPLIST_KEY_UISupportedInterfaceOrientations_iPhone = "UIInterfaceOrientationPortrait UIInterfaceOrientationLandscapeLeft UIInterfaceOrientationLandscapeRight";
				LD_RUNPATH_SEARCH_PATHS = (
					"$(inherited)",
					"@executable_path/Frameworks",
				);
				MARKETING_VERSION = 1.0;
				PRODUCT_BUNDLE_IDENTIFIER = com.albgarciam.LoginSample;
				PRODUCT_NAME = "$(TARGET_NAME)";
				SWIFT_EMIT_LOC_STRINGS = YES;
				SWIFT_VERSION = 5.0;
				TARGETED_DEVICE_FAMILY = "1,2";
			};
			name = Release;
		};
		F87FBEDF2A06508C009B1A8F /* Debug */ = {
			isa = XCBuildConfiguration;
			buildSettings = {
				ALWAYS_EMBED_SWIFT_STANDARD_LIBRARIES = YES;
				BUNDLE_LOADER = "$(TEST_HOST)";
				CODE_SIGN_STYLE = Automatic;
				CURRENT_PROJECT_VERSION = 1;
				DEVELOPMENT_TEAM = AJPM5QDVLY;
				GENERATE_INFOPLIST_FILE = YES;
				IPHONEOS_DEPLOYMENT_TARGET = 16.4;
				MARKETING_VERSION = 1.0;
				PRODUCT_BUNDLE_IDENTIFIER = com.albgarciam.LoginSampleTests;
				PRODUCT_NAME = "$(TARGET_NAME)";
				SWIFT_EMIT_LOC_STRINGS = NO;
				SWIFT_VERSION = 5.0;
				TARGETED_DEVICE_FAMILY = "1,2";
				TEST_HOST = "$(BUILT_PRODUCTS_DIR)/LoginSample.app/$(BUNDLE_EXECUTABLE_FOLDER_PATH)/LoginSample";
			};
			name = Debug;
		};
		F87FBEE02A06508C009B1A8F /* Release */ = {
			isa = XCBuildConfiguration;
			buildSettings = {
				ALWAYS_EMBED_SWIFT_STANDARD_LIBRARIES = YES;
				BUNDLE_LOADER = "$(TEST_HOST)";
				CODE_SIGN_STYLE = Automatic;
				CURRENT_PROJECT_VERSION = 1;
				DEVELOPMENT_TEAM = AJPM5QDVLY;
				GENERATE_INFOPLIST_FILE = YES;
				IPHONEOS_DEPLOYMENT_TARGET = 16.4;
				MARKETING_VERSION = 1.0;
				PRODUCT_BUNDLE_IDENTIFIER = com.albgarciam.LoginSampleTests;
				PRODUCT_NAME = "$(TARGET_NAME)";
				SWIFT_EMIT_LOC_STRINGS = NO;
				SWIFT_VERSION = 5.0;
				TARGETED_DEVICE_FAMILY = "1,2";
				TEST_HOST = "$(BUILT_PRODUCTS_DIR)/LoginSample.app/$(BUNDLE_EXECUTABLE_FOLDER_PATH)/LoginSample";
			};
			name = Release;
		};
		F87FBEE22A06508C009B1A8F /* Debug */ = {
			isa = XCBuildConfiguration;
			buildSettings = {
				ALWAYS_EMBED_SWIFT_STANDARD_LIBRARIES = YES;
				CODE_SIGN_STYLE = Automatic;
				CURRENT_PROJECT_VERSION = 1;
				DEVELOPMENT_TEAM = AJPM5QDVLY;
				GENERATE_INFOPLIST_FILE = YES;
				MARKETING_VERSION = 1.0;
				PRODUCT_BUNDLE_IDENTIFIER = com.albgarciam.LoginSampleUITests;
				PRODUCT_NAME = "$(TARGET_NAME)";
				SWIFT_EMIT_LOC_STRINGS = NO;
				SWIFT_VERSION = 5.0;
				TARGETED_DEVICE_FAMILY = "1,2";
				TEST_TARGET_NAME = LoginSample;
			};
			name = Debug;
		};
		F87FBEE32A06508C009B1A8F /* Release */ = {
			isa = XCBuildConfiguration;
			buildSettings = {
				ALWAYS_EMBED_SWIFT_STANDARD_LIBRARIES = YES;
				CODE_SIGN_STYLE = Automatic;
				CURRENT_PROJECT_VERSION = 1;
				DEVELOPMENT_TEAM = AJPM5QDVLY;
				GENERATE_INFOPLIST_FILE = YES;
				MARKETING_VERSION = 1.0;
				PRODUCT_BUNDLE_IDENTIFIER = com.albgarciam.LoginSampleUITests;
				PRODUCT_NAME = "$(TARGET_NAME)";
				SWIFT_EMIT_LOC_STRINGS = NO;
				SWIFT_VERSION = 5.0;
				TARGETED_DEVICE_FAMILY = "1,2";
				TEST_TARGET_NAME = LoginSample;
			};
			name = Release;
		};
/* End XCBuildConfiguration section */

/* Begin XCConfigurationList section */
		F87FBEB22A06508B009B1A8F /* Build configuration list for PBXProject "LoginSample" */ = {
			isa = XCConfigurationList;
			buildConfigurations = (
				F87FBED92A06508C009B1A8F /* Debug */,
				F87FBEDA2A06508C009B1A8F /* Release */,
			);
			defaultConfigurationIsVisible = 0;
			defaultConfigurationName = Release;
		};
		F87FBEDB2A06508C009B1A8F /* Build configuration list for PBXNativeTarget "LoginSample" */ = {
			isa = XCConfigurationList;
			buildConfigurations = (
				F87FBEDC2A06508C009B1A8F /* Debug */,
				F87FBEDD2A06508C009B1A8F /* Release */,
			);
			defaultConfigurationIsVisible = 0;
			defaultConfigurationName = Release;
		};
		F87FBEDE2A06508C009B1A8F /* Build configuration list for PBXNativeTarget "LoginSampleTests" */ = {
			isa = XCConfigurationList;
			buildConfigurations = (
				F87FBEDF2A06508C009B1A8F /* Debug */,
				F87FBEE02A06508C009B1A8F /* Release */,
			);
			defaultConfigurationIsVisible = 0;
			defaultConfigurationName = Release;
		};
		F87FBEE12A06508C009B1A8F /* Build configuration list for PBXNativeTarget "LoginSampleUITests" */ = {
			isa = XCConfigurationList;
			buildConfigurations = (
				F87FBEE22A06508C009B1A8F /* Debug */,
				F87FBEE32A06508C009B1A8F /* Release */,
			);
			defaultConfigurationIsVisible = 0;
			defaultConfigurationName = Release;
		};
/* End XCConfigurationList section */
	};
	rootObject = F87FBEAF2A06508B009B1A8F /* Project object */;
}
